// !$*UTF8*$!
{
	archiveVersion = 1;
	classes = {
	};
	objectVersion = 46;
	objects = {

/* Begin PBXBuildFile section */
		61AA0AAC188CEC4000A10991 /* UIKit.framework in Frameworks */ = {isa = PBXBuildFile; fileRef = 61AA0AAB188CEC4000A10991 /* UIKit.framework */; };
		61AA0AAE188CEC4000A10991 /* Foundation.framework in Frameworks */ = {isa = PBXBuildFile; fileRef = 61AA0AAD188CEC4000A10991 /* Foundation.framework */; };
		61AA0AB0188CEC4000A10991 /* CoreGraphics.framework in Frameworks */ = {isa = PBXBuildFile; fileRef = 61AA0AAF188CEC4000A10991 /* CoreGraphics.framework */; };
		61AA0AB6188CEC4000A10991 /* InfoPlist.strings in Resources */ = {isa = PBXBuildFile; fileRef = 61AA0AB4188CEC4000A10991 /* InfoPlist.strings */; };
		61AA0AB8188CEC4000A10991 /* main.m in Sources */ = {isa = PBXBuildFile; fileRef = 61AA0AB7188CEC4000A10991 /* main.m */; };
		61AA0ABC188CEC4000A10991 /* AppDelegate.m in Sources */ = {isa = PBXBuildFile; fileRef = 61AA0ABB188CEC4000A10991 /* AppDelegate.m */; };
		61AA0ABE188CEC4000A10991 /* Default.png in Resources */ = {isa = PBXBuildFile; fileRef = 61AA0ABD188CEC4000A10991 /* Default.png */; };
		61AA0AC0188CEC4000A10991 /* Default@2x.png in Resources */ = {isa = PBXBuildFile; fileRef = 61AA0ABF188CEC4000A10991 /* Default@2x.png */; };
		61AA0AC2188CEC4000A10991 /* Default-568h@2x.png in Resources */ = {isa = PBXBuildFile; fileRef = 61AA0AC1188CEC4000A10991 /* Default-568h@2x.png */; };
		61AA0AC5188CEC4000A10991 /* ViewController.m in Sources */ = {isa = PBXBuildFile; fileRef = 61AA0AC4188CEC4000A10991 /* ViewController.m */; };
		61AA0AC8188CEC4000A10991 /* ViewController.xib in Resources */ = {isa = PBXBuildFile; fileRef = 61AA0AC6188CEC4000A10991 /* ViewController.xib */; };
/* End PBXBuildFile section */

/* Begin PBXFileReference section */
		61AA0AA8188CEC4000A10991 /* AutoNextEdidor.app */ = {isa = PBXFileReference; explicitFileType = wrapper.application; includeInIndex = 0; path = AutoNextEdidor.app; sourceTree = BUILT_PRODUCTS_DIR; };
		61AA0AAB188CEC4000A10991 /* UIKit.framework */ = {isa = PBXFileReference; lastKnownFileType = wrapper.framework; name = UIKit.framework; path = System/Library/Frameworks/UIKit.framework; sourceTree = SDKROOT; };
		61AA0AAD188CEC4000A10991 /* Foundation.framework */ = {isa = PBXFileReference; lastKnownFileType = wrapper.framework; name = Foundation.framework; path = System/Library/Frameworks/Foundation.framework; sourceTree = SDKROOT; };
		61AA0AAF188CEC4000A10991 /* CoreGraphics.framework */ = {isa = PBXFileReference; lastKnownFileType = wrapper.framework; name = CoreGraphics.framework; path = System/Library/Frameworks/CoreGraphics.framework; sourceTree = SDKROOT; };
		61AA0AB3188CEC4000A10991 /* AutoNextEdidor-Info.plist */ = {isa = PBXFileReference; lastKnownFileType = text.plist.xml; path = "AutoNextEdidor-Info.plist"; sourceTree = "<group>"; };
		61AA0AB5188CEC4000A10991 /* en */ = {isa = PBXFileReference; lastKnownFileType = text.plist.strings; name = en; path = en.lproj/InfoPlist.strings; sourceTree = "<group>"; };
		61AA0AB7188CEC4000A10991 /* main.m */ = {isa = PBXFileReference; lastKnownFileType = sourcecode.c.objc; path = main.m; sourceTree = "<group>"; };
		61AA0AB9188CEC4000A10991 /* AutoNextEdidor-Prefix.pch */ = {isa = PBXFileReference; lastKnownFileType = sourcecode.c.h; path = "AutoNextEdidor-Prefix.pch"; sourceTree = "<group>"; };
		61AA0ABA188CEC4000A10991 /* AppDelegate.h */ = {isa = PBXFileReference; lastKnownFileType = sourcecode.c.h; path = AppDelegate.h; sourceTree = "<group>"; };
		61AA0ABB188CEC4000A10991 /* AppDelegate.m */ = {isa = PBXFileReference; lastKnownFileType = sourcecode.c.objc; path = AppDelegate.m; sourceTree = "<group>"; };
		61AA0ABD188CEC4000A10991 /* Default.png */ = {isa = PBXFileReference; lastKnownFileType = image.png; path = Default.png; sourceTree = "<group>"; };
		61AA0ABF188CEC4000A10991 /* Default@2x.png */ = {isa = PBXFileReference; lastKnownFileType = image.png; path = "Default@2x.png"; sourceTree = "<group>"; };
		61AA0AC1188CEC4000A10991 /* Default-568h@2x.png */ = {isa = PBXFileReference; lastKnownFileType = image.png; path = "Default-568h@2x.png"; sourceTree = "<group>"; };
		61AA0AC3188CEC4000A10991 /* ViewController.h */ = {isa = PBXFileReference; lastKnownFileType = sourcecode.c.h; path = ViewController.h; sourceTree = "<group>"; };
		61AA0AC4188CEC4000A10991 /* ViewController.m */ = {isa = PBXFileReference; lastKnownFileType = sourcecode.c.objc; path = ViewController.m; sourceTree = "<group>"; };
		61AA0AC7188CEC4000A10991 /* en */ = {isa = PBXFileReference; lastKnownFileType = file.xib; name = en; path = en.lproj/ViewController.xib; sourceTree = "<group>"; };
/* End PBXFileReference section */

/* Begin PBXFrameworksBuildPhase section */
		61AA0AA5188CEC4000A10991 /* Frameworks */ = {
			isa = PBXFrameworksBuildPhase;
			buildActionMask = 2147483647;
			files = (
				61AA0AAC188CEC4000A10991 /* UIKit.framework in Frameworks */,
				61AA0AAE188CEC4000A10991 /* Foundation.framework in Frameworks */,
				61AA0AB0188CEC4000A10991 /* CoreGraphics.framework in Frameworks */,
			);
			runOnlyForDeploymentPostprocessing = 0;
		};
/* End PBXFrameworksBuildPhase section */

/* Begin PBXGroup section */
		61AA0A9F188CEC4000A10991 = {
			isa = PBXGroup;
			children = (
				61AA0AB1188CEC4000A10991 /* AutoNextEdidor */,
				61AA0AAA188CEC4000A10991 /* Frameworks */,
				61AA0AA9188CEC4000A10991 /* Products */,
			);
			sourceTree = "<group>";
		};
		61AA0AA9188CEC4000A10991 /* Products */ = {
			isa = PBXGroup;
			children = (
				61AA0AA8188CEC4000A10991 /* AutoNextEdidor.app */,
			);
			name = Products;
			sourceTree = "<group>";
		};
		61AA0AAA188CEC4000A10991 /* Frameworks */ = {
			isa = PBXGroup;
			children = (
				61AA0AAB188CEC4000A10991 /* UIKit.framework */,
				61AA0AAD188CEC4000A10991 /* Foundation.framework */,
				61AA0AAF188CEC4000A10991 /* CoreGraphics.framework */,
			);
			name = Frameworks;
			sourceTree = "<group>";
		};
		61AA0AB1188CEC4000A10991 /* AutoNextEdidor */ = {
			isa = PBXGroup;
			children = (
				61AA0ABA188CEC4000A10991 /* AppDelegate.h */,
				61AA0ABB188CEC4000A10991 /* AppDelegate.m */,
				61AA0AC3188CEC4000A10991 /* ViewController.h */,
				61AA0AC4188CEC4000A10991 /* ViewController.m */,
				61AA0AC6188CEC4000A10991 /* ViewController.xib */,
				61AA0AB2188CEC4000A10991 /* Supporting Files */,
			);
			path = AutoNextEdidor;
			sourceTree = "<group>";
		};
		61AA0AB2188CEC4000A10991 /* Supporting Files */ = {
			isa = PBXGroup;
			children = (
				61AA0AB3188CEC4000A10991 /* AutoNextEdidor-Info.plist */,
				61AA0AB4188CEC4000A10991 /* InfoPlist.strings */,
				61AA0AB7188CEC4000A10991 /* main.m */,
				61AA0AB9188CEC4000A10991 /* AutoNextEdidor-Prefix.pch */,
				61AA0ABD188CEC4000A10991 /* Default.png */,
				61AA0ABF188CEC4000A10991 /* Default@2x.png */,
				61AA0AC1188CEC4000A10991 /* Default-568h@2x.png */,
			);
			name = "Supporting Files";
			sourceTree = "<group>";
		};
/* End PBXGroup section */

/* Begin PBXNativeTarget section */
		61AA0AA7188CEC4000A10991 /* AutoNextEdidor */ = {
			isa = PBXNativeTarget;
			buildConfigurationList = 61AA0ACB188CEC4000A10991 /* Build configuration list for PBXNativeTarget "AutoNextEdidor" */;
			buildPhases = (
				61AA0AA4188CEC4000A10991 /* Sources */,
				61AA0AA5188CEC4000A10991 /* Frameworks */,
				61AA0AA6188CEC4000A10991 /* Resources */,
			);
			buildRules = (
			);
			dependencies = (
			);
			name = AutoNextEdidor;
			productName = AutoNextEdidor;
			productReference = 61AA0AA8188CEC4000A10991 /* AutoNextEdidor.app */;
			productType = "com.apple.product-type.application";
		};
/* End PBXNativeTarget section */

/* Begin PBXProject section */
		61AA0AA0188CEC4000A10991 /* Project object */ = {
			isa = PBXProject;
			attributes = {
				LastUpgradeCheck = 0460;
				ORGANIZATIONNAME = liuyuning;
			};
			buildConfigurationList = 61AA0AA3188CEC4000A10991 /* Build configuration list for PBXProject "AutoNextEdidor" */;
			compatibilityVersion = "Xcode 3.2";
			developmentRegion = English;
			hasScannedForEncodings = 0;
			knownRegions = (
				en,
			);
			mainGroup = 61AA0A9F188CEC4000A10991;
			productRefGroup = 61AA0AA9188CEC4000A10991 /* Products */;
			projectDirPath = "";
			projectRoot = "";
			targets = (
				61AA0AA7188CEC4000A10991 /* AutoNextEdidor */,
			);
		};
/* End PBXProject section */

/* Begin PBXResourcesBuildPhase section */
		61AA0AA6188CEC4000A10991 /* Resources */ = {
			isa = PBXResourcesBuildPhase;
			buildActionMask = 2147483647;
			files = (
				61AA0AB6188CEC4000A10991 /* InfoPlist.strings in Resources */,
				61AA0ABE188CEC4000A10991 /* Default.png in Resources */,
				61AA0AC0188CEC4000A10991 /* Default@2x.png in Resources */,
				61AA0AC2188CEC4000A10991 /* Default-568h@2x.png in Resources */,
				61AA0AC8188CEC4000A10991 /* ViewController.xib in Resources */,
			);
			runOnlyForDeploymentPostprocessing = 0;
		};
/* End PBXResourcesBuildPhase section */

/* Begin PBXSourcesBuildPhase section */
		61AA0AA4188CEC4000A10991 /* Sources */ = {
			isa = PBXSourcesBuildPhase;
			buildActionMask = 2147483647;
			files = (
				61AA0AB8188CEC4000A10991 /* main.m in Sources */,
				61AA0ABC188CEC4000A10991 /* AppDelegate.m in Sources */,
				61AA0AC5188CEC4000A10991 /* ViewController.m in Sources */,
			);
			runOnlyForDeploymentPostprocessing = 0;
		};
/* End PBXSourcesBuildPhase section */

/* Begin PBXVariantGroup section */
		61AA0AB4188CEC4000A10991 /* InfoPlist.strings */ = {
			isa = PBXVariantGroup;
			children = (
				61AA0AB5188CEC4000A10991 /* en */,
			);
			name = InfoPlist.strings;
			sourceTree = "<group>";
		};
		61AA0AC6188CEC4000A10991 /* ViewController.xib */ = {
			isa = PBXVariantGroup;
			children = (
				61AA0AC7188CEC4000A10991 /* en */,
			);
			name = ViewController.xib;
			sourceTree = "<group>";
		};
/* End PBXVariantGroup section */

/* Begin XCBuildConfiguration section */
		61AA0AC9188CEC4000A10991 /* Debug */ = {
			isa = XCBuildConfiguration;
			buildSettings = {
				ALWAYS_SEARCH_USER_PATHS = NO;
				CLANG_CXX_LANGUAGE_STANDARD = "gnu++0x";
				CLANG_CXX_LIBRARY = "libc++";
				CLANG_WARN_CONSTANT_CONVERSION = YES;
				CLANG_WARN_EMPTY_BODY = YES;
				CLANG_WARN_ENUM_CONVERSION = YES;
				CLANG_WARN_INT_CONVERSION = YES;
				CLANG_WARN__DUPLICATE_METHOD_MATCH = YES;
				"CODE_SIGN_IDENTITY[sdk=iphoneos*]" = "iPhone Developer";
				COPY_PHASE_STRIP = NO;
				GCC_C_LANGUAGE_STANDARD = gnu99;
				GCC_DYNAMIC_NO_PIC = NO;
				GCC_OPTIMIZATION_LEVEL = 0;
				GCC_PREPROCESSOR_DEFINITIONS = (
					"DEBUG=1",
					"$(inherited)",
				);
				GCC_SYMBOLS_PRIVATE_EXTERN = NO;
				GCC_WARN_ABOUT_RETURN_TYPE = YES;
				GCC_WARN_UNINITIALIZED_AUTOS = YES;
				GCC_WARN_UNUSED_VARIABLE = YES;
				IPHONEOS_DEPLOYMENT_TARGET = 6.1;
				ONLY_ACTIVE_ARCH = YES;
				SDKROOT = iphoneos;
			};
			name = Debug;
		};
		61AA0ACA188CEC4000A10991 /* Release */ = {
			isa = XCBuildConfiguration;
			buildSettings = {
				ALWAYS_SEARCH_USER_PATHS = NO;
				CLANG_CXX_LANGUAGE_STANDARD = "gnu++0x";
				CLANG_CXX_LIBRARY = "libc++";
				CLANG_WARN_CONSTANT_CONVERSION = YES;
				CLANG_WARN_EMPTY_BODY = YES;
				CLANG_WARN_ENUM_CONVERSION = YES;
				CLANG_WARN_INT_CONVERSION = YES;
				CLANG_WARN__DUPLICATE_METHOD_MATCH = YES;
				"CODE_SIGN_IDENTITY[sdk=iphoneos*]" = "iPhone Developer";
				COPY_PHASE_STRIP = YES;
				GCC_C_LANGUAGE_STANDARD = gnu99;
				GCC_WARN_ABOUT_RETURN_TYPE = YES;
				GCC_WARN_UNINITIALIZED_AUTOS = YES;
				GCC_WARN_UNUSED_VARIABLE = YES;
				IPHONEOS_DEPLOYMENT_TARGET = 6.1;
				OTHER_CFLAGS = "-DNS_BLOCK_ASSERTIONS=1";
				SDKROOT = iphoneos;
				VALIDATE_PRODUCT = YES;
			};
			name = Release;
		};
		61AA0ACC188CEC4000A10991 /* Debug */ = {
			isa = XCBuildConfiguration;
			buildSettings = {
				GCC_PRECOMPILE_PREFIX_HEADER = YES;
				GCC_PREFIX_HEADER = "AutoNextEdidor/AutoNextEdidor-Prefix.pch";
				INFOPLIST_FILE = "AutoNextEdidor/AutoNextEdidor-Info.plist";
				PRODUCT_NAME = "$(TARGET_NAME)";
				WRAPPER_EXTENSION = app;
			};
			name = Debug;
		};
		61AA0ACD188CEC4000A10991 /* Release */ = {
			isa = XCBuildConfiguration;
			buildSettings = {
				GCC_PRECOMPILE_PREFIX_HEADER = YES;
				GCC_PREFIX_HEADER = "AutoNextEdidor/AutoNextEdidor-Prefix.pch";
				INFOPLIST_FILE = "AutoNextEdidor/AutoNextEdidor-Info.plist";
				PRODUCT_NAME = "$(TARGET_NAME)";
				WRAPPER_EXTENSION = app;
			};
			name = Release;
		};
/* End XCBuildConfiguration section */

/* Begin XCConfigurationList section */
		61AA0AA3188CEC4000A10991 /* Build configuration list for PBXProject "AutoNextEdidor" */ = {
			isa = XCConfigurationList;
			buildConfigurations = (
				61AA0AC9188CEC4000A10991 /* Debug */,
				61AA0ACA188CEC4000A10991 /* Release */,
			);
			defaultConfigurationIsVisible = 0;
			defaultConfigurationName = Release;
		};
		61AA0ACB188CEC4000A10991 /* Build configuration list for PBXNativeTarget "AutoNextEdidor" */ = {
			isa = XCConfigurationList;
			buildConfigurations = (
				61AA0ACC188CEC4000A10991 /* Debug */,
				61AA0ACD188CEC4000A10991 /* Release */,
			);
			defaultConfigurationIsVisible = 0;
		};
/* End XCConfigurationList section */
	};
	rootObject = 61AA0AA0188CEC4000A10991 /* Project object */;
}
